
Microsoft Visual Studio Solution File, Format Version 11.00
# Visual Studio 2010
Project("{FAE04EC0-301F-11D3-BF4B-00C04F79EFBC}") = "Gralin.NETMF.STMicro.CRX14", "Gralin.NETMF.STMicro.CRX14.csproj", "{6B9931FC-400A-4DE5-AD6A-C4CE17E404A9}"
EndProject
Project("{FAE04EC0-301F-11D3-BF4B-00C04F79EFBC}") = "SimpleProject", "Samples\SimpleProject\SimpleProject.csproj", "{A90E060A-CF76-4714-9039-969BB48ACD72}"
EndProject
Global
	GlobalSection(SolutionConfigurationPlatforms) = preSolution
		Debug|Any CPU = Debug|Any CPU
		Release|Any CPU = Release|Any CPU
	EndGlobalSection
	GlobalSection(ProjectConfigurationPlatforms) = postSolution
		{6B9931FC-400A-4DE5-AD6A-C4CE17E404A9}.Debug|Any CPU.ActiveCfg = Debug|Any CPU
		{6B9931FC-400A-4DE5-AD6A-C4CE17E404A9}.Debug|Any CPU.Build.0 = Debug|Any CPU
		{6B9931FC-400A-4DE5-AD6A-C4CE17E404A9}.Debug|Any CPU.Deploy.0 = Debug|Any CPU
		{6B9931FC-400A-4DE5-AD6A-C4CE17E404A9}.Release|Any CPU.ActiveCfg = Release|Any CPU
		{6B9931FC-400A-4DE5-AD6A-C4CE17E404A9}.Release|Any CPU.Build.0 = Release|Any CPU
		{6B9931FC-400A-4DE5-AD6A-C4CE17E404A9}.Release|Any CPU.Deploy.0 = Release|Any CPU
		{A90E060A-CF76-4714-9039-969BB48ACD72}.Debug|Any CPU.ActiveCfg = Debug|Any CPU
		{A90E060A-CF76-4714-9039-969BB48ACD72}.Debug|Any CPU.Build.0 = Debug|Any CPU
		{A90E060A-CF76-4714-9039-969BB48ACD72}.Debug|Any CPU.Deploy.0 = Debug|Any CPU
		{A90E060A-CF76-4714-9039-969BB48ACD72}.Release|Any CPU.ActiveCfg = Release|Any CPU
		{A90E060A-CF76-4714-9039-969BB48ACD72}.Release|Any CPU.Build.0 = Release|Any CPU
		{A90E060A-CF76-4714-9039-969BB48ACD72}.Release|Any CPU.Deploy.0 = Release|Any CPU
	EndGlobalSection
	GlobalSection(SolutionProperties) = preSolution
		HideSolutionNode = FALSE
	EndGlobalSection
EndGlobal
